github.com/core-regulus/novakey-types-go v0.0.1 h1:oLBKIARvMqxGsf1ue6NI9Sg0HUUfu8jT539BxALhNhQ=
github.com/core-regulus/novakey-types-go v0.0.1/go.mod h1:Q9oaPLxA4XmmopQw0WxzZPMLoKr9YEBOrcoWcz2UCqs=
github.com/core-regulus/novakey-types-go v0.0.2 h1:tB3MuV0jBG3g1wisnH1jLEODREFrgUYP4Mrj5/HCXck=
github.com/core-regulus/novakey-types-go v0.0.2/go.mod h1:Q9oaPLxA4XmmopQw0WxzZPMLoKr9YEBOrcoWcz2UCqs=
github.com/core-regulus/novakey-types-go v0.0.3 h1:yWe1vZ75i6pVOkxx5WH2YFGF32a8eBb4AFi62w7/obk=
github.com/core-regulus/novakey-types-go v0.0.3/go.mod h1:Q9oaPLxA4XmmopQw0WxzZPMLoKr9YEBOrcoWcz2UCqs=
github.com/core-regulus/novakey-types-go v0.0.4 h1:mHEPILfUN0rB/o3Z3d403mzAV/YOAkX0x2jenMZWKvg=
github.com/core-regulus/novakey-types-go v0.0.4/go.mod h1:Q9oaPLxA4XmmopQw0WxzZPMLoKr9YEBOrcoWcz2UCqs=
github.com/core-regulus/novakey-types-go v0.0.5 h1:tSb+WLLA90QBEKg6nYHlIxvsP4NaH0WTuHZgZq/0tJc=
github.com/core-regulus/novakey-types-go v0.0.5/go.mod h1:Q9oaPLxA4XmmopQw0WxzZPMLoKr9YEBOrcoWcz2UCqs=
github.com/core-regulus/novakey-types-go v0.0.6 h1:jQ/tSfnn3YllOR+8aM2u7XBqtr01IFqAMkCse4mnUcI=
github.com/core-regulus/novakey-types-go v0.0.6/go.mod h1:Q9oaPLxA4XmmopQw0WxzZPMLoKr9YEBOrcoWcz2UCqs=
github.com/core-regulus/novakey-types-go v0.0.7 h1:4df+OTfNK59QF11sirelUucnW5P9LUyKbnN2unmBXoY=
github.com/core-regulus/novakey-types-go v0.0.7/go.mod h1:Q9oaPLxA4XmmopQw0WxzZPMLoKr9YEBOrcoWcz2UCqs=
github.com/core-regulus/novakey-types-go v0.1.0 h1:MRoBvF0mbwmBAAKwuQ+LEHJwbPPPmdfQLUHEYdlfgXU=
github.com/core-regulus/novakey-types-go v0.1.0/go.mod h1:Q9oaPLxA4XmmopQw0WxzZPMLoKr9YEBOrcoWcz2UCqs=
github.com/core-regulus/novakey-types-go v0.1.1 h1:zonsHYpggHgC8w9yk/R1lwYVjQcMEppMhB54Zyw6i5s=
github.com/core-regulus/novakey-types-go v0.1.1/go.mod h1:Q9oaPLxA4XmmopQw0WxzZPMLoKr9YEBOrcoWcz2UCqs=
github.com/core-regulus/novakey-types-go v0.1.2 h1:0kUYUrovN4ah5G3KU4C6Vu4Z/Mkldwjb+68QYHCdYRk=
github.com/core-regulus/novakey-types-go v0.1.2/go.mod h1:Q9oaPLxA4XmmopQw0WxzZPMLoKr9YEBOrcoWcz2UCqs=
github.com/core-regulus/novakey-types-go v0.1.3 h1:qulitpXU9AvKzklnhR8gjqw1fjovX3MljeU0dfncLr4=
github.com/core-regulus/novakey-types-go v0.1.3/go.mod h1:Q9oaPLxA4XmmopQw0WxzZPMLoKr9YEBOrcoWcz2UCqs=
github.com/core-regulus/novakey-types-go v0.1.4 h1:YjuGJQgBjvm5P3ZPMg2+TimqNuZTMHrf6yKEHaWMvng=
github.com/core-regulus/novakey-types-go v0.1.4/go.mod h1:Q9oaPLxA4XmmopQw0WxzZPMLoKr9YEBOrcoWcz2UCqs=
github.com/core-regulus/novakey-types-go v0.1.5 h1:cYjJoJNDh9nbfSL6K2HBGI95isW1UF32ZpM1fhdyK5M=
github.com/core-regulus/novakey-types-go v0.1.5/go.mod h1:Q9oaPLxA4XmmopQw0WxzZPMLoKr9YEBOrcoWcz2UCqs=
github.com/core-regulus/novakey-types-go v0.1.6 h1:k2z7h8Aa8F5cmn5u0KwxLPhJ1yJw6M7z2pHC1lXCiuI=
github.com/core-regulus/novakey-types-go v0.1.6/go.mod h1:Q9oaPLxA4XmmopQw0WxzZPMLoKr9YEBOrcoWcz2UCqs=
github.com/core-regulus/novakey-types-go v0.1.7 h1:XqTnLEpEYrnsefPp3uActBWRgtEe10/0pBH/Pt1aN4E=
github.com/core-regulus/novakey-types-go v0.1.7/go.mod h1:Q9oaPLxA4XmmopQw0WxzZPMLoKr9YEBOrcoWcz2UCqs=
github.com/core-regulus/novakey-types-go v0.1.8 h1:k8XoX1t8vhS/v6ad7TFtn6ntVE1iYnkgTOpB5EePQKM=
github.com/core-regulus/novakey-types-go v0.1.8/go.mod h1:Q9oaPLxA4XmmopQw0WxzZPMLoKr9YEBOrcoWcz2UCqs=
github.com/core-regulus/novakey-types-go v0.1.9 h1:TbIxLgb7ztegiQK9726ISqKpwqdB9LC6xgp+xSyZekk=
github.com/core-regulus/novakey-types-go v0.1.9/go.mod h1:Q9oaPLxA4XmmopQw0WxzZPMLoKr9YEBOrcoWcz2UCqs=
github.com/core-regulus/novakey-types-go v0.1.10 h1:W8QdQ9co3U04cNDZ7DcDP5AnOIEFQbSaIRszvLfqNQI=
github.com/core-regulus/novakey-types-go v0.1.10/go.mod h1:Q9oaPLxA4XmmopQw0WxzZPMLoKr9YEBOrcoWcz2UCqs=
github.com/core-regulus/novakey-types-go v0.1.11 h1:bw0vplN9q6PWpkeuEHKintAzsNxnWZyqbmGQe77egIw=
github.com/core-regulus/novakey-types-go v0.1.11/go.mod h1:Q9oaPLxA4XmmopQw0WxzZPMLoKr9YEBOrcoWcz2UCqs=
github.com/core-regulus/novakey-types-go v0.1.12 h1:Om9vDy+OTWcX2YGDA3Uj/kRmWhYb2vzjpf1PCNVolv8=
github.com/core-regulus/novakey-types-go v0.1.12/go.mod h1:Q9oaPLxA4XmmopQw0WxzZPMLoKr9YEBOrcoWcz2UCqs=
github.com/core-regulus/novakey-types-go v0.1.13 h1:TWyLl5JU0nzFKEBw52G+z/6JBBQo7fZqlwRvDth+tow=
github.com/core-regulus/novakey-types-go v0.1.13/go.mod h1:Q9oaPLxA4XmmopQw0WxzZPMLoKr9YEBOrcoWcz2UCqs=
github.com/core-regulus/novakey-types-go v0.1.14 h1:+9qw8KMPVCpmePxH3sUgYxaC9rC9UJsZ4XEXMqZOpl8=
github.com/core-regulus/novakey-types-go v0.1.14/go.mod h1:Q9oaPLxA4XmmopQw0WxzZPMLoKr9YEBOrcoWcz2UCqs=
github.com/core-regulus/novakey-types-go v0.1.15 h1:cvsANzQsTofpv0XgfshHx86CHUxApWJ4/pzAWE/32EI=
github.com/core-regulus/novakey-types-go v0.1.15/go.mod h1:Q9oaPLxA4XmmopQw0WxzZPMLoKr9YEBOrcoWcz2UCqs=
github.com/core-regulus/novakey-types-go v0.1.16 h1:2QQQ5nqUerFrV7ZZlyfT+jmMdaf18vbsZ0Bn5wbKQgs=
github.com/core-regulus/novakey-types-go v0.1.16/go.mod h1:Q9oaPLxA4XmmopQw0WxzZPMLoKr9YEBOrcoWcz2UCqs=
github.com/core-regulus/novakey-types-go v0.1.17 h1:o9u+JJx28f5JOlnPoQwDHv50v0KOHmqYD6Dh+1WNLTI=
github.com/core-regulus/novakey-types-go v0.1.17/go.mod h1:Q9oaPLxA4XmmopQw0WxzZPMLoKr9YEBOrcoWcz2UCqs=
github.com/core-regulus/novakey-types-go v0.1.18 h1:0ka/VB0NnWdD7L5t3HJ95Eb4dbo3te5aHiFZSwx5sNE=
github.com/core-regulus/novakey-types-go v0.1.18/go.mod h1:Q9oaPLxA4XmmopQw0WxzZPMLoKr9YEBOrcoWcz2UCqs=
github.com/core-regulus/novakey-types-go v0.1.19 h1:nX6b8ke1VsTVDJ3UsnW3SEsmc+zDKqDqBd35uxr1Ffo=
github.com/core-regulus/novakey-types-go v0.1.19/go.mod h1:Q9oaPLxA4XmmopQw0WxzZPMLoKr9YEBOrcoWcz2UCqs=
github.com/google/uuid v1.6.0 h1:NIvaJDMOsjHA8n1jAhLSgzrAzy1Hgr+hNrb57e+94F0=
github.com/google/uuid v1.6.0/go.mod h1:TIyPZe4MgqvfeYDBFedMoGGpEw/LqOeaOT+nhxU+yHo=
golang.org/x/crypto v0.41.0 h1:WKYxWedPGCTVVl5+WHSSrOBT0O8lx32+zxmHxijgXp4=
golang.org/x/crypto v0.41.0/go.mod h1:pO5AFd7FA68rFak7rOAGVuygIISepHftHnr8dr6+sUc=
golang.org/x/sys v0.35.0 h1:vz1N37gP5bs89s7He8XuIYXpyY0+QlsKmzipCbUtyxI=
golang.org/x/sys v0.35.0/go.mod h1:BJP2sWEmIv4KK5OTEluFJCKSidICx8ciO85XgH3Ak8k=
golang.org/x/sys v0.36.0 h1:KVRy2GtZBrk1cBYA7MKu5bEZFxQk4NIDV6RLVcC8o0k=
golang.org/x/sys v0.36.0/go.mod h1:OgkHotnGiDImocRcuBABYBEXf8A9a87e/uXjp9XT3ks=
gopkg.in/check.v1 v0.0.0-20161208181325-20d25e280405/go.mod h1:Co6ibVJAznAaIkqp8huTwlJQCZ016jof/cbN4VW5Yz0=
gopkg.in/yaml.v3 v3.0.1 h1:fxVm/GzAzEWqLHuvctI91KS9hhNmmWOoWu0XTYJS7CA=
gopkg.in/yaml.v3 v3.0.1/go.mod h1:K4uyk7z7BCEPqu6E+C64Yfv1cQ7kz7rIZviUmN+EgEM=
